
Microsoft Visual Studio Solution File, Format Version 12.00
# Visual Studio Version 16
VisualStudioVersion = 16.0.31025.194
MinimumVisualStudioVersion = 10.0.40219.1
Project("{FAE04EC0-301F-11D3-BF4B-00C04F79EFBC}") = "IndeksElektroniczny", "IndeksElektroniczny\IndeksElektroniczny.csproj", "{1D7E92B5-243A-4BBB-A227-5931EFB61826}"
EndProject
Project("{FAE04EC0-301F-11D3-BF4B-00C04F79EFBC}") = "DataBaseMySqlServices", "DataBaseMySqlServices\DataBaseMySqlServices.csproj", "{851B7853-C52F-468D-A323-ECAB86DD8F4E}"
EndProject
Project("{FAE04EC0-301F-11D3-BF4B-00C04F79EFBC}") = "DataValidation", "DataValidation\DataValidation.csproj", "{3CC59192-B6FD-44FB-ADFF-D2A584A0A032}"
EndProject
Global
	GlobalSection(SolutionConfigurationPlatforms) = preSolution
		Debug|Any CPU = Debug|Any CPU
		Release|Any CPU = Release|Any CPU
	EndGlobalSection
	GlobalSection(ProjectConfigurationPlatforms) = postSolution
		{1D7E92B5-243A-4BBB-A227-5931EFB61826}.Debug|Any CPU.ActiveCfg = Debug|Any CPU
		{1D7E92B5-243A-4BBB-A227-5931EFB61826}.Debug|Any CPU.Build.0 = Debug|Any CPU
		{1D7E92B5-243A-4BBB-A227-5931EFB61826}.Release|Any CPU.ActiveCfg = Release|Any CPU
		{1D7E92B5-243A-4BBB-A227-5931EFB61826}.Release|Any CPU.Build.0 = Release|Any CPU
		{851B7853-C52F-468D-A323-ECAB86DD8F4E}.Debug|Any CPU.ActiveCfg = Debug|Any CPU
		{851B7853-C52F-468D-A323-ECAB86DD8F4E}.Debug|Any CPU.Build.0 = Debug|Any CPU
		{851B7853-C52F-468D-A323-ECAB86DD8F4E}.Release|Any CPU.ActiveCfg = Release|Any CPU
		{851B7853-C52F-468D-A323-ECAB86DD8F4E}.Release|Any CPU.Build.0 = Release|Any CPU
		{3CC59192-B6FD-44FB-ADFF-D2A584A0A032}.Debug|Any CPU.ActiveCfg = Debug|Any CPU
		{3CC59192-B6FD-44FB-ADFF-D2A584A0A032}.Debug|Any CPU.Build.0 = Debug|Any CPU
		{3CC59192-B6FD-44FB-ADFF-D2A584A0A032}.Release|Any CPU.ActiveCfg = Release|Any CPU
		{3CC59192-B6FD-44FB-ADFF-D2A584A0A032}.Release|Any CPU.Build.0 = Release|Any CPU
	EndGlobalSection
	GlobalSection(SolutionProperties) = preSolution
		HideSolutionNode = FALSE
	EndGlobalSection
	GlobalSection(ExtensibilityGlobals) = postSolution
		SolutionGuid = {35D32C4A-3A58-4C19-8A6E-84E4F246AC84}
	EndGlobalSection
EndGlobal
